{
  "name": "assets",
  "lockfileVersion": 3,
  "requires": true,
  "packages": {
    "": {
      "dependencies": {
        "colorjs.io": "^0.7.1",
        "cytoscape": "3.34.3",
        "cytoscape-dagre": "^4.0.1",
        "daisyui": "^5.7.46"
      },
      "devDependencies": {
        "prettier": "^3.9.9"
      },
      "engines": {
        "node": "24.16.0"
      }
    },
    "node_modules/colorjs.io": {
      "version": "0.7.1",
      "resolved": "https://registry.npmjs.org/colorjs.io/-/colorjs.io-0.7.1.tgz",
      "integrity": "sha512-LY7OHnJZxHwT5UlzNa9bbhHHDbzB6yE5+3MIPwJEQKRvSCt/T4G7epsj+9j2BExUIIfXFIJGsIXUKdfrK9Q5tA==",
      "license": "MIT",
      "funding": {
        "type": "opencollective",
        "url": "https://opencollective.com/color"
      }
    },
    "node_modules/cytoscape": {
      "version": "3.34.3",
      "resolved": "https://registry.npmjs.org/cytoscape/-/cytoscape-3.34.3.tgz",
      "integrity": "sha512-yfYGhRcGAntq6YBD583j4n0Eg3jIxvWmZtz/5uz9UYkeIStSlMxuUja+ec5j3iBD8nv1rwaOAYMW09tBdkSeaQ==",
      "license": "MIT",
      "engines": {
        "node": ">=0.10"
      }
    },
    "node_modules/cytoscape-dagre": {
      "version": "4.0.1",
      "resolved": "https://registry.npmjs.org/cytoscape-dagre/-/cytoscape-dagre-4.0.1.tgz",
      "integrity": "sha512-hyNdh8Vp1nwzBcjHnM4c71G81bFhPmQYLXD2HM9AZIvl+8TrMzWEOPW45hF/XOBQiEguPcDQzi6VrXR1XBcXOA==",
      "license": "MIT",
      "peerDependencies": {
        "cytoscape": "^3.2.22"
      }
    },
    "node_modules/daisyui": {
      "version": "5.7.46",
      "resolved": "https://registry.npmjs.org/daisyui/-/daisyui-5.7.46.tgz",
      "integrity": "sha512-z/tfVXLpLRe1ojGeokzxauHA9Ij5CGfk+83EdatQbFSVr02h5mUcp4nkgQJOw68wH1wAAPu/SY+MWbDdJG2R4w==",
      "license": "MIT",
      "funding": {
        "url": "https://github.com/saadeghi/daisyui?sponsor=1"
      }
    },
    "node_modules/prettier": {
      "version": "3.9.9",
      "resolved": "https://registry.npmjs.org/prettier/-/prettier-3.9.9.tgz",
      "integrity": "sha512-Z/CJHIkdujO/OtN7nXUii0Rf3VT5SRuhjBA82Xvu2XhBUgX3nhP67T0LHceBdQLex7OOFGTox+Q5Yg8Jk2Qivg==",
      "dev": true,
      "license": "MIT",
      "bin": {
        "prettier": "bin/prettier.cjs"
      },
      "engines": {
        "node": ">=14"
      },
      "funding": {
        "url": "https://github.com/prettier/prettier?sponsor=1"
      }
    }
  }
}
